// !$*UTF8*$!
{
	archiveVersion = 1;
	classes = {
	};
	objectVersion = 56;
	objects = {

/* Begin PBXBuildFile section */
		0A3635C92A43405D00EFD6A4 /* WeatherSchemesApp.swift in Sources */ = {isa = PBXBuildFile; fileRef = 0A3635C82A43405D00EFD6A4 /* WeatherSchemesApp.swift */; };
		0A3635CB2A43405D00EFD6A4 /* ContentView.swift in Sources */ = {isa = PBXBuildFile; fileRef = 0A3635CA2A43405D00EFD6A4 /* ContentView.swift */; };
		0A3635CD2A43405E00EFD6A4 /* Assets.xcassets in Resources */ = {isa = PBXBuildFile; fileRef = 0A3635CC2A43405E00EFD6A4 /* Assets.xcassets */; };
		0A3635D02A43405E00EFD6A4 /* Preview Assets.xcassets in Resources */ = {isa = PBXBuildFile; fileRef = 0A3635CF2A43405E00EFD6A4 /* Preview Assets.xcassets */; };
		0A3635DA2A43405E00EFD6A4 /* WeatherSchemesTests.swift in Sources */ = {isa = PBXBuildFile; fileRef = 0A3635D92A43405E00EFD6A4 /* WeatherSchemesTests.swift */; };
		0A3635E42A43405E00EFD6A4 /* WeatherSchemesUITests.swift in Sources */ = {isa = PBXBuildFile; fileRef = 0A3635E32A43405E00EFD6A4 /* WeatherSchemesUITests.swift */; };
		0A3635E62A43405E00EFD6A4 /* WeatherSchemesUITestsLaunchTests.swift in Sources */ = {isa = PBXBuildFile; fileRef = 0A3635E52A43405E00EFD6A4 /* WeatherSchemesUITestsLaunchTests.swift */; };
		0A3635F92A4341EF00EFD6A4 /* WeatherSubAppApp.swift in Sources */ = {isa = PBXBuildFile; fileRef = 0A3635F82A4341EF00EFD6A4 /* WeatherSubAppApp.swift */; };
		0A3635FB2A4341EF00EFD6A4 /* ContentView.swift in Sources */ = {isa = PBXBuildFile; fileRef = 0A3635FA2A4341EF00EFD6A4 /* ContentView.swift */; };
		0A3635FD2A4341F100EFD6A4 /* Assets.xcassets in Resources */ = {isa = PBXBuildFile; fileRef = 0A3635FC2A4341F100EFD6A4 /* Assets.xcassets */; };
		0A3636002A4341F100EFD6A4 /* Preview Assets.xcassets in Resources */ = {isa = PBXBuildFile; fileRef = 0A3635FF2A4341F100EFD6A4 /* Preview Assets.xcassets */; };
		0A36360A2A4341F100EFD6A4 /* WeatherSubAppTests.swift in Sources */ = {isa = PBXBuildFile; fileRef = 0A3636092A4341F100EFD6A4 /* WeatherSubAppTests.swift */; };
		0A3636142A4341F100EFD6A4 /* WeatherSubAppUITests.swift in Sources */ = {isa = PBXBuildFile; fileRef = 0A3636132A4341F100EFD6A4 /* WeatherSubAppUITests.swift */; };
		0A3636162A4341F100EFD6A4 /* WeatherSubAppUITestsLaunchTests.swift in Sources */ = {isa = PBXBuildFile; fileRef = 0A3636152A4341F100EFD6A4 /* WeatherSubAppUITestsLaunchTests.swift */; };
/* End PBXBuildFile section */

/* Begin PBXContainerItemProxy section */
		0A3635D62A43405E00EFD6A4 /* PBXContainerItemProxy */ = {
			isa = PBXContainerItemProxy;
			containerPortal = 0A3635BD2A43405D00EFD6A4 /* Project object */;
			proxyType = 1;
			remoteGlobalIDString = 0A3635C42A43405D00EFD6A4;
			remoteInfo = WeatherSchemes;
		};
		0A3635E02A43405E00EFD6A4 /* PBXContainerItemProxy */ = {
			isa = PBXContainerItemProxy;
			containerPortal = 0A3635BD2A43405D00EFD6A4 /* Project object */;
			proxyType = 1;
			remoteGlobalIDString = 0A3635C42A43405D00EFD6A4;
			remoteInfo = WeatherSchemes;
		};
		0A3636062A4341F100EFD6A4 /* PBXContainerItemProxy */ = {
			isa = PBXContainerItemProxy;
			containerPortal = 0A3635BD2A43405D00EFD6A4 /* Project object */;
			proxyType = 1;
			remoteGlobalIDString = 0A3635F52A4341EF00EFD6A4;
			remoteInfo = WeatherSubApp;
		};
		0A3636102A4341F100EFD6A4 /* PBXContainerItemProxy */ = {
			isa = PBXContainerItemProxy;
			containerPortal = 0A3635BD2A43405D00EFD6A4 /* Project object */;
			proxyType = 1;
			remoteGlobalIDString = 0A3635F52A4341EF00EFD6A4;
			remoteInfo = WeatherSubApp;
		};
/* End PBXContainerItemProxy section */

/* Begin PBXFileReference section */
		0A3635C52A43405D00EFD6A4 /* WeatherSchemes.app */ = {isa = PBXFileReference; explicitFileType = wrapper.application; includeInIndex = 0; path = WeatherSchemes.app; sourceTree = BUILT_PRODUCTS_DIR; };
		0A3635C82A43405D00EFD6A4 /* WeatherSchemesApp.swift */ = {isa = PBXFileReference; lastKnownFileType = sourcecode.swift; path = WeatherSchemesApp.swift; sourceTree = "<group>"; };
		0A3635CA2A43405D00EFD6A4 /* ContentView.swift */ = {isa = PBXFileReference; lastKnownFileType = sourcecode.swift; path = ContentView.swift; sourceTree = "<group>"; };
		0A3635CC2A43405E00EFD6A4 /* Assets.xcassets */ = {isa = PBXFileReference; lastKnownFileType = folder.assetcatalog; path = Assets.xcassets; sourceTree = "<group>"; };
		0A3635CF2A43405E00EFD6A4 /* Preview Assets.xcassets */ = {isa = PBXFileReference; lastKnownFileType = folder.assetcatalog; path = "Preview Assets.xcassets"; sourceTree = "<group>"; };
		0A3635D52A43405E00EFD6A4 /* WeatherSchemesTests.xctest */ = {isa = PBXFileReference; explicitFileType = wrapper.cfbundle; includeInIndex = 0; path = WeatherSchemesTests.xctest; sourceTree = BUILT_PRODUCTS_DIR; };
		0A3635D92A43405E00EFD6A4 /* WeatherSchemesTests.swift */ = {isa = PBXFileReference; lastKnownFileType = sourcecode.swift; path = WeatherSchemesTests.swift; sourceTree = "<group>"; };
		0A3635DF2A43405E00EFD6A4 /* WeatherSchemesUITests.xctest */ = {isa = PBXFileReference; explicitFileType = wrapper.cfbundle; includeInIndex = 0; path = WeatherSchemesUITests.xctest; sourceTree = BUILT_PRODUCTS_DIR; };
		0A3635E32A43405E00EFD6A4 /* WeatherSchemesUITests.swift */ = {isa = PBXFileReference; lastKnownFileType = sourcecode.swift; path = WeatherSchemesUITests.swift; sourceTree = "<group>"; };
		0A3635E52A43405E00EFD6A4 /* WeatherSchemesUITestsLaunchTests.swift */ = {isa = PBXFileReference; lastKnownFileType = sourcecode.swift; path = WeatherSchemesUITestsLaunchTests.swift; sourceTree = "<group>"; };
		0A3635F62A4341EF00EFD6A4 /* WeatherSubApp.app */ = {isa = PBXFileReference; explicitFileType = wrapper.application; includeInIndex = 0; path = WeatherSubApp.app; sourceTree = BUILT_PRODUCTS_DIR; };
		0A3635F82A4341EF00EFD6A4 /* WeatherSubAppApp.swift */ = {isa = PBXFileReference; lastKnownFileType = sourcecode.swift; path = WeatherSubAppApp.swift; sourceTree = "<group>"; };
		0A3635FA2A4341EF00EFD6A4 /* ContentView.swift */ = {isa = PBXFileReference; lastKnownFileType = sourcecode.swift; path = ContentView.swift; sourceTree = "<group>"; };
		0A3635FC2A4341F100EFD6A4 /* Assets.xcassets */ = {isa = PBXFileReference; lastKnownFileType = folder.assetcatalog; path = Assets.xcassets; sourceTree = "<group>"; };
		0A3635FF2A4341F100EFD6A4 /* Preview Assets.xcassets */ = {isa = PBXFileReference; lastKnownFileType = folder.assetcatalog; path = "Preview Assets.xcassets"; sourceTree = "<group>"; };
		0A3636052A4341F100EFD6A4 /* WeatherSubAppTests.xctest */ = {isa = PBXFileReference; explicitFileType = wrapper.cfbundle; includeInIndex = 0; path = WeatherSubAppTests.xctest; sourceTree = BUILT_PRODUCTS_DIR; };
		0A3636092A4341F100EFD6A4 /* WeatherSubAppTests.swift */ = {isa = PBXFileReference; lastKnownFileType = sourcecode.swift; path = WeatherSubAppTests.swift; sourceTree = "<group>"; };
		0A36360F2A4341F100EFD6A4 /* WeatherSubAppUITests.xctest */ = {isa = PBXFileReference; explicitFileType = wrapper.cfbundle; includeInIndex = 0; path = WeatherSubAppUITests.xctest; sourceTree = BUILT_PRODUCTS_DIR; };
		0A3636132A4341F100EFD6A4 /* WeatherSubAppUITests.swift */ = {isa = PBXFileReference; lastKnownFileType = sourcecode.swift; path = WeatherSubAppUITests.swift; sourceTree = "<group>"; };
		0A3636152A4341F100EFD6A4 /* WeatherSubAppUITestsLaunchTests.swift */ = {isa = PBXFileReference; lastKnownFileType = sourcecode.swift; path = WeatherSubAppUITestsLaunchTests.swift; sourceTree = "<group>"; };
/* End PBXFileReference section */

/* Begin PBXFrameworksBuildPhase section */
		0A3635C22A43405D00EFD6A4 /* Frameworks */ = {
			isa = PBXFrameworksBuildPhase;
			buildActionMask = 2147483647;
			files = (
			);
			runOnlyForDeploymentPostprocessing = 0;
		};
		0A3635D22A43405E00EFD6A4 /* Frameworks */ = {
			isa = PBXFrameworksBuildPhase;
			buildActionMask = 2147483647;
			files = (
			);
			runOnlyForDeploymentPostprocessing = 0;
		};
		0A3635DC2A43405E00EFD6A4 /* Frameworks */ = {
			isa = PBXFrameworksBuildPhase;
			buildActionMask = 2147483647;
			files = (
			);
			runOnlyForDeploymentPostprocessing = 0;
		};
		0A3635F32A4341EF00EFD6A4 /* Frameworks */ = {
			isa = PBXFrameworksBuildPhase;
			buildActionMask = 2147483647;
			files = (
			);
			runOnlyForDeploymentPostprocessing = 0;
		};
		0A3636022A4341F100EFD6A4 /* Frameworks */ = {
			isa = PBXFrameworksBuildPhase;
			buildActionMask = 2147483647;
			files = (
			);
			runOnlyForDeploymentPostprocessing = 0;
		};
		0A36360C2A4341F100EFD6A4 /* Frameworks */ = {
			isa = PBXFrameworksBuildPhase;
			buildActionMask = 2147483647;
			files = (
			);
			runOnlyForDeploymentPostprocessing = 0;
		};
/* End PBXFrameworksBuildPhase section */

/* Begin PBXGroup section */
		0A3635BC2A43405D00EFD6A4 = {
			isa = PBXGroup;
			children = (
				0A3635C72A43405D00EFD6A4 /* WeatherSchemes */,
				0A3635D82A43405E00EFD6A4 /* WeatherSchemesTests */,
				0A3635E22A43405E00EFD6A4 /* WeatherSchemesUITests */,
				0A3635F72A4341EF00EFD6A4 /* WeatherSubApp */,
				0A3636082A4341F100EFD6A4 /* WeatherSubAppTests */,
				0A3636122A4341F100EFD6A4 /* WeatherSubAppUITests */,
				0A3635C62A43405D00EFD6A4 /* Products */,
			);
			sourceTree = "<group>";
		};
		0A3635C62A43405D00EFD6A4 /* Products */ = {
			isa = PBXGroup;
			children = (
				0A3635C52A43405D00EFD6A4 /* WeatherSchemes.app */,
				0A3635D52A43405E00EFD6A4 /* WeatherSchemesTests.xctest */,
				0A3635DF2A43405E00EFD6A4 /* WeatherSchemesUITests.xctest */,
				0A3635F62A4341EF00EFD6A4 /* WeatherSubApp.app */,
				0A3636052A4341F100EFD6A4 /* WeatherSubAppTests.xctest */,
				0A36360F2A4341F100EFD6A4 /* WeatherSubAppUITests.xctest */,
			);
			name = Products;
			sourceTree = "<group>";
		};
		0A3635C72A43405D00EFD6A4 /* WeatherSchemes */ = {
			isa = PBXGroup;
			children = (
				0A3635C82A43405D00EFD6A4 /* WeatherSchemesApp.swift */,
				0A3635CA2A43405D00EFD6A4 /* ContentView.swift */,
				0A3635CC2A43405E00EFD6A4 /* Assets.xcassets */,
				0A3635CE2A43405E00EFD6A4 /* Preview Content */,
			);
			path = WeatherSchemes;
			sourceTree = "<group>";
		};
		0A3635CE2A43405E00EFD6A4 /* Preview Content */ = {
			isa = PBXGroup;
			children = (
				0A3635CF2A43405E00EFD6A4 /* Preview Assets.xcassets */,
			);
			path = "Preview Content";
			sourceTree = "<group>";
		};
		0A3635D82A43405E00EFD6A4 /* WeatherSchemesTests */ = {
			isa = PBXGroup;
			children = (
				0A3635D92A43405E00EFD6A4 /* WeatherSchemesTests.swift */,
			);
			path = WeatherSchemesTests;
			sourceTree = "<group>";
		};
		0A3635E22A43405E00EFD6A4 /* WeatherSchemesUITests */ = {
			isa = PBXGroup;
			children = (
				0A3635E32A43405E00EFD6A4 /* WeatherSchemesUITests.swift */,
				0A3635E52A43405E00EFD6A4 /* WeatherSchemesUITestsLaunchTests.swift */,
			);
			path = WeatherSchemesUITests;
			sourceTree = "<group>";
		};
		0A3635F72A4341EF00EFD6A4 /* WeatherSubApp */ = {
			isa = PBXGroup;
			children = (
				0A3635F82A4341EF00EFD6A4 /* WeatherSubAppApp.swift */,
				0A3635FA2A4341EF00EFD6A4 /* ContentView.swift */,
				0A3635FC2A4341F100EFD6A4 /* Assets.xcassets */,
				0A3635FE2A4341F100EFD6A4 /* Preview Content */,
			);
			path = WeatherSubApp;
			sourceTree = "<group>";
		};
		0A3635FE2A4341F100EFD6A4 /* Preview Content */ = {
			isa = PBXGroup;
			children = (
				0A3635FF2A4341F100EFD6A4 /* Preview Assets.xcassets */,
			);
			path = "Preview Content";
			sourceTree = "<group>";
		};
		0A3636082A4341F100EFD6A4 /* WeatherSubAppTests */ = {
			isa = PBXGroup;
			children = (
				0A3636092A4341F100EFD6A4 /* WeatherSubAppTests.swift */,
			);
			path = WeatherSubAppTests;
			sourceTree = "<group>";
		};
		0A3636122A4341F100EFD6A4 /* WeatherSubAppUITests */ = {
			isa = PBXGroup;
			children = (
				0A3636132A4341F100EFD6A4 /* WeatherSubAppUITests.swift */,
				0A3636152A4341F100EFD6A4 /* WeatherSubAppUITestsLaunchTests.swift */,
			);
			path = WeatherSubAppUITests;
			sourceTree = "<group>";
		};
/* End PBXGroup section */

/* Begin PBXNativeTarget section */
		0A3635C42A43405D00EFD6A4 /* WeatherSchemes */ = {
			isa = PBXNativeTarget;
			buildConfigurationList = 0A3635E92A43405E00EFD6A4 /* Build configuration list for PBXNativeTarget "WeatherSchemes" */;
			buildPhases = (
				0A3635C12A43405D00EFD6A4 /* Sources */,
				0A3635C22A43405D00EFD6A4 /* Frameworks */,
				0A3635C32A43405D00EFD6A4 /* Resources */,
			);
			buildRules = (
			);
			dependencies = (
			);
			name = WeatherSchemes;
			productName = WeatherSchemes;
			productReference = 0A3635C52A43405D00EFD6A4 /* WeatherSchemes.app */;
			productType = "com.apple.product-type.application";
		};
		0A3635D42A43405E00EFD6A4 /* WeatherSchemesTests */ = {
			isa = PBXNativeTarget;
			buildConfigurationList = 0A3635EC2A43405E00EFD6A4 /* Build configuration list for PBXNativeTarget "WeatherSchemesTests" */;
			buildPhases = (
				0A3635D12A43405E00EFD6A4 /* Sources */,
				0A3635D22A43405E00EFD6A4 /* Frameworks */,
				0A3635D32A43405E00EFD6A4 /* Resources */,
			);
			buildRules = (
			);
			dependencies = (
				0A3635D72A43405E00EFD6A4 /* PBXTargetDependency */,
			);
			name = WeatherSchemesTests;
			productName = WeatherSchemesTests;
			productReference = 0A3635D52A43405E00EFD6A4 /* WeatherSchemesTests.xctest */;
			productType = "com.apple.product-type.bundle.unit-test";
		};
		0A3635DE2A43405E00EFD6A4 /* WeatherSchemesUITests */ = {
			isa = PBXNativeTarget;
			buildConfigurationList = 0A3635EF2A43405E00EFD6A4 /* Build configuration list for PBXNativeTarget "WeatherSchemesUITests" */;
			buildPhases = (
				0A3635DB2A43405E00EFD6A4 /* Sources */,
				0A3635DC2A43405E00EFD6A4 /* Frameworks */,
				0A3635DD2A43405E00EFD6A4 /* Resources */,
			);
			buildRules = (
			);
			dependencies = (
				0A3635E12A43405E00EFD6A4 /* PBXTargetDependency */,
			);
			name = WeatherSchemesUITests;
			productName = WeatherSchemesUITests;
			productReference = 0A3635DF2A43405E00EFD6A4 /* WeatherSchemesUITests.xctest */;
			productType = "com.apple.product-type.bundle.ui-testing";
		};
		0A3635F52A4341EF00EFD6A4 /* WeatherSubApp */ = {
			isa = PBXNativeTarget;
			buildConfigurationList = 0A3636172A4341F100EFD6A4 /* Build configuration list for PBXNativeTarget "WeatherSubApp" */;
			buildPhases = (
				0A3635F22A4341EF00EFD6A4 /* Sources */,
				0A3635F32A4341EF00EFD6A4 /* Frameworks */,
				0A3635F42A4341EF00EFD6A4 /* Resources */,
			);
			buildRules = (
			);
			dependencies = (
			);
			name = WeatherSubApp;
			productName = WeatherSubApp;
			productReference = 0A3635F62A4341EF00EFD6A4 /* WeatherSubApp.app */;
			productType = "com.apple.product-type.application";
		};
		0A3636042A4341F100EFD6A4 /* WeatherSubAppTests */ = {
			isa = PBXNativeTarget;
			buildConfigurationList = 0A36361A2A4341F100EFD6A4 /* Build configuration list for PBXNativeTarget "WeatherSubAppTests" */;
			buildPhases = (
				0A3636012A4341F100EFD6A4 /* Sources */,
				0A3636022A4341F100EFD6A4 /* Frameworks */,
				0A3636032A4341F100EFD6A4 /* Resources */,
			);
			buildRules = (
			);
			dependencies = (
				0A3636072A4341F100EFD6A4 /* PBXTargetDependency */,
			);
			name = WeatherSubAppTests;
			productName = WeatherSubAppTests;
			productReference = 0A3636052A4341F100EFD6A4 /* WeatherSubAppTests.xctest */;
			productType = "com.apple.product-type.bundle.unit-test";
		};
		0A36360E2A4341F100EFD6A4 /* WeatherSubAppUITests */ = {
			isa = PBXNativeTarget;
			buildConfigurationList = 0A36361D2A4341F100EFD6A4 /* Build configuration list for PBXNativeTarget "WeatherSubAppUITests" */;
			buildPhases = (
				0A36360B2A4341F100EFD6A4 /* Sources */,
				0A36360C2A4341F100EFD6A4 /* Frameworks */,
				0A36360D2A4341F100EFD6A4 /* Resources */,
			);
			buildRules = (
			);
			dependencies = (
				0A3636112A4341F100EFD6A4 /* PBXTargetDependency */,
			);
			name = WeatherSubAppUITests;
			productName = WeatherSubAppUITests;
			productReference = 0A36360F2A4341F100EFD6A4 /* WeatherSubAppUITests.xctest */;
			productType = "com.apple.product-type.bundle.ui-testing";
		};
/* End PBXNativeTarget section */

/* Begin PBXProject section */
		0A3635BD2A43405D00EFD6A4 /* Project object */ = {
			isa = PBXProject;
			attributes = {
				BuildIndependentTargetsInParallel = 1;
				LastSwiftUpdateCheck = 1430;
				LastUpgradeCheck = 1430;
				TargetAttributes = {
					0A3635C42A43405D00EFD6A4 = {
						CreatedOnToolsVersion = 14.3;
					};
					0A3635D42A43405E00EFD6A4 = {
						CreatedOnToolsVersion = 14.3;
						TestTargetID = 0A3635C42A43405D00EFD6A4;
					};
					0A3635DE2A43405E00EFD6A4 = {
						CreatedOnToolsVersion = 14.3;
						TestTargetID = 0A3635C42A43405D00EFD6A4;
					};
					0A3635F52A4341EF00EFD6A4 = {
						CreatedOnToolsVersion = 14.3;
					};
					0A3636042A4341F100EFD6A4 = {
						CreatedOnToolsVersion = 14.3;
						TestTargetID = 0A3635F52A4341EF00EFD6A4;
					};
					0A36360E2A4341F100EFD6A4 = {
						CreatedOnToolsVersion = 14.3;
						TestTargetID = 0A3635F52A4341EF00EFD6A4;
					};
				};
			};
			buildConfigurationList = 0A3635C02A43405D00EFD6A4 /* Build configuration list for PBXProject "WeatherSchemes" */;
			compatibilityVersion = "Xcode 14.0";
			developmentRegion = en;
			hasScannedForEncodings = 0;
			knownRegions = (
				en,
				Base,
			);
			mainGroup = 0A3635BC2A43405D00EFD6A4;
			productRefGroup = 0A3635C62A43405D00EFD6A4 /* Products */;
			projectDirPath = "";
			projectRoot = "";
			targets = (
				0A3635C42A43405D00EFD6A4 /* WeatherSchemes */,
				0A3635D42A43405E00EFD6A4 /* WeatherSchemesTests */,
				0A3635DE2A43405E00EFD6A4 /* WeatherSchemesUITests */,
				0A3635F52A4341EF00EFD6A4 /* WeatherSubApp */,
				0A3636042A4341F100EFD6A4 /* WeatherSubAppTests */,
				0A36360E2A4341F100EFD6A4 /* WeatherSubAppUITests */,
			);
		};
/* End PBXProject section */

/* Begin PBXResourcesBuildPhase section */
		0A3635C32A43405D00EFD6A4 /* Resources */ = {
			isa = PBXResourcesBuildPhase;
			buildActionMask = 2147483647;
			files = (
				0A3635D02A43405E00EFD6A4 /* Preview Assets.xcassets in Resources */,
				0A3635CD2A43405E00EFD6A4 /* Assets.xcassets in Resources */,
			);
			runOnlyForDeploymentPostprocessing = 0;
		};
		0A3635D32A43405E00EFD6A4 /* Resources */ = {
			isa = PBXResourcesBuildPhase;
			buildActionMask = 2147483647;
			files = (
			);
			runOnlyForDeploymentPostprocessing = 0;
		};
		0A3635DD2A43405E00EFD6A4 /* Resources */ = {
			isa = PBXResourcesBuildPhase;
			buildActionMask = 2147483647;
			files = (
			);
			runOnlyForDeploymentPostprocessing = 0;
		};
		0A3635F42A4341EF00EFD6A4 /* Resources */ = {
			isa = PBXResourcesBuildPhase;
			buildActionMask = 2147483647;
			files = (
				0A3636002A4341F100EFD6A4 /* Preview Assets.xcassets in Resources */,
				0A3635FD2A4341F100EFD6A4 /* Assets.xcassets in Resources */,
			);
			runOnlyForDeploymentPostprocessing = 0;
		};
		0A3636032A4341F100EFD6A4 /* Resources */ = {
			isa = PBXResourcesBuildPhase;
			buildActionMask = 2147483647;
			files = (
			);
			runOnlyForDeploymentPostprocessing = 0;
		};
		0A36360D2A4341F100EFD6A4 /* Resources */ = {
			isa = PBXResourcesBuildPhase;
			buildActionMask = 2147483647;
			files = (
			);
			runOnlyForDeploymentPostprocessing = 0;
		};
/* End PBXResourcesBuildPhase section */

/* Begin PBXSourcesBuildPhase section */
		0A3635C12A43405D00EFD6A4 /* Sources */ = {
			isa = PBXSourcesBuildPhase;
			buildActionMask = 2147483647;
			files = (
				0A3635CB2A43405D00EFD6A4 /* ContentView.swift in Sources */,
				0A3635C92A43405D00EFD6A4 /* WeatherSchemesApp.swift in Sources */,
			);
			runOnlyForDeploymentPostprocessing = 0;
		};
		0A3635D12A43405E00EFD6A4 /* Sources */ = {
			isa = PBXSourcesBuildPhase;
			buildActionMask = 2147483647;
			files = (
				0A3635DA2A43405E00EFD6A4 /* WeatherSchemesTests.swift in Sources */,
			);
			runOnlyForDeploymentPostprocessing = 0;
		};
		0A3635DB2A43405E00EFD6A4 /* Sources */ = {
			isa = PBXSourcesBuildPhase;
			buildActionMask = 2147483647;
			files = (
				0A3635E62A43405E00EFD6A4 /* WeatherSchemesUITestsLaunchTests.swift in Sources */,
				0A3635E42A43405E00EFD6A4 /* WeatherSchemesUITests.swift in Sources */,
			);
			runOnlyForDeploymentPostprocessing = 0;
		};
		0A3635F22A4341EF00EFD6A4 /* Sources */ = {
			isa = PBXSourcesBuildPhase;
			buildActionMask = 2147483647;
			files = (
				0A3635FB2A4341EF00EFD6A4 /* ContentView.swift in Sources */,
				0A3635F92A4341EF00EFD6A4 /* WeatherSubAppApp.swift in Sources */,
			);
			runOnlyForDeploymentPostprocessing = 0;
		};
		0A3636012A4341F100EFD6A4 /* Sources */ = {
			isa = PBXSourcesBuildPhase;
			buildActionMask = 2147483647;
			files = (
				0A36360A2A4341F100EFD6A4 /* WeatherSubAppTests.swift in Sources */,
			);
			runOnlyForDeploymentPostprocessing = 0;
		};
		0A36360B2A4341F100EFD6A4 /* Sources */ = {
			isa = PBXSourcesBuildPhase;
			buildActionMask = 2147483647;
			files = (
				0A3636162A4341F100EFD6A4 /* WeatherSubAppUITestsLaunchTests.swift in Sources */,
				0A3636142A4341F100EFD6A4 /* WeatherSubAppUITests.swift in Sources */,
			);
			runOnlyForDeploymentPostprocessing = 0;
		};
/* End PBXSourcesBuildPhase section */

/* Begin PBXTargetDependency section */
		0A3635D72A43405E00EFD6A4 /* PBXTargetDependency */ = {
			isa = PBXTargetDependency;
			target = 0A3635C42A43405D00EFD6A4 /* WeatherSchemes */;
			targetProxy = 0A3635D62A43405E00EFD6A4 /* PBXContainerItemProxy */;
		};
		0A3635E12A43405E00EFD6A4 /* PBXTargetDependency */ = {
			isa = PBXTargetDependency;
			target = 0A3635C42A43405D00EFD6A4 /* WeatherSchemes */;
			targetProxy = 0A3635E02A43405E00EFD6A4 /* PBXContainerItemProxy */;
		};
		0A3636072A4341F100EFD6A4 /* PBXTargetDependency */ = {
			isa = PBXTargetDependency;
			target = 0A3635F52A4341EF00EFD6A4 /* WeatherSubApp */;
			targetProxy = 0A3636062A4341F100EFD6A4 /* PBXContainerItemProxy */;
		};
		0A3636112A4341F100EFD6A4 /* PBXTargetDependency */ = {
			isa = PBXTargetDependency;
			target = 0A3635F52A4341EF00EFD6A4 /* WeatherSubApp */;
			targetProxy = 0A3636102A4341F100EFD6A4 /* PBXContainerItemProxy */;
		};
/* End PBXTargetDependency section */

/* Begin XCBuildConfiguration section */
		0A3635E72A43405E00EFD6A4 /* Debug */ = {
			isa = XCBuildConfiguration;
			buildSettings = {
				ALWAYS_SEARCH_USER_PATHS = NO;
				CLANG_ANALYZER_NONNULL = YES;
				CLANG_ANALYZER_NUMBER_OBJECT_CONVERSION = YES_AGGRESSIVE;
				CLANG_CXX_LANGUAGE_STANDARD = "gnu++20";
				CLANG_ENABLE_MODULES = YES;
				CLANG_ENABLE_OBJC_ARC = YES;
				CLANG_ENABLE_OBJC_WEAK = YES;
				CLANG_WARN_BLOCK_CAPTURE_AUTORELEASING = YES;
				CLANG_WARN_BOOL_CONVERSION = YES;
				CLANG_WARN_COMMA = YES;
				CLANG_WARN_CONSTANT_CONVERSION = YES;
				CLANG_WARN_DEPRECATED_OBJC_IMPLEMENTATIONS = YES;
				CLANG_WARN_DIRECT_OBJC_ISA_USAGE = YES_ERROR;
				CLANG_WARN_DOCUMENTATION_COMMENTS = YES;
				CLANG_WARN_EMPTY_BODY = YES;
				CLANG_WARN_ENUM_CONVERSION = YES;
				CLANG_WARN_INFINITE_RECURSION = YES;
				CLANG_WARN_INT_CONVERSION = YES;
				CLANG_WARN_NON_LITERAL_NULL_CONVERSION = YES;
				CLANG_WARN_OBJC_IMPLICIT_RETAIN_SELF = YES;
				CLANG_WARN_OBJC_LITERAL_CONVERSION = YES;
				CLANG_WARN_OBJC_ROOT_CLASS = YES_ERROR;
				CLANG_WARN_QUOTED_INCLUDE_IN_FRAMEWORK_HEADER = YES;
				CLANG_WARN_RANGE_LOOP_ANALYSIS = YES;
				CLANG_WARN_STRICT_PROTOTYPES = YES;
				CLANG_WARN_SUSPICIOUS_MOVE = YES;
				CLANG_WARN_UNGUARDED_AVAILABILITY = YES_AGGRESSIVE;
				CLANG_WARN_UNREACHABLE_CODE = YES;
				CLANG_WARN__DUPLICATE_METHOD_MATCH = YES;
				COPY_PHASE_STRIP = NO;
				DEBUG_INFORMATION_FORMAT = dwarf;
				ENABLE_STRICT_OBJC_MSGSEND = YES;
				ENABLE_TESTABILITY = YES;
				GCC_C_LANGUAGE_STANDARD = gnu11;
				GCC_DYNAMIC_NO_PIC = NO;
				GCC_NO_COMMON_BLOCKS = YES;
				GCC_OPTIMIZATION_LEVEL = 0;
				GCC_PREPROCESSOR_DEFINITIONS = (
					"DEBUG=1",
					"$(inherited)",
				);
				GCC_WARN_64_TO_32_BIT_CONVERSION = YES;
				GCC_WARN_ABOUT_RETURN_TYPE = YES_ERROR;
				GCC_WARN_UNDECLARED_SELECTOR = YES;
				GCC_WARN_UNINITIALIZED_AUTOS = YES_AGGRESSIVE;
				GCC_WARN_UNUSED_FUNCTION = YES;
				GCC_WARN_UNUSED_VARIABLE = YES;
				IPHONEOS_DEPLOYMENT_TARGET = 16.4;
				MTL_ENABLE_DEBUG_INFO = INCLUDE_SOURCE;
				MTL_FAST_MATH = YES;
				ONLY_ACTIVE_ARCH = YES;
				SDKROOT = iphoneos;
				SWIFT_ACTIVE_COMPILATION_CONDITIONS = DEBUG;
				SWIFT_OPTIMIZATION_LEVEL = "-Onone";
			};
			name = Debug;
		};
		0A3635E82A43405E00EFD6A4 /* Release */ = {
			isa = XCBuildConfiguration;
			buildSettings = {
				ALWAYS_SEARCH_USER_PATHS = NO;
				CLANG_ANALYZER_NONNULL = YES;
				CLANG_ANALYZER_NUMBER_OBJECT_CONVERSION = YES_AGGRESSIVE;
				CLANG_CXX_LANGUAGE_STANDARD = "gnu++20";
				CLANG_ENABLE_MODULES = YES;
				CLANG_ENABLE_OBJC_ARC = YES;
				CLANG_ENABLE_OBJC_WEAK = YES;
				CLANG_WARN_BLOCK_CAPTURE_AUTORELEASING = YES;
				CLANG_WARN_BOOL_CONVERSION = YES;
				CLANG_WARN_COMMA = YES;
				CLANG_WARN_CONSTANT_CONVERSION = YES;
				CLANG_WARN_DEPRECATED_OBJC_IMPLEMENTATIONS = YES;
				CLANG_WARN_DIRECT_OBJC_ISA_USAGE = YES_ERROR;
				CLANG_WARN_DOCUMENTATION_COMMENTS = YES;
				CLANG_WARN_EMPTY_BODY = YES;
				CLANG_WARN_ENUM_CONVERSION = YES;
				CLANG_WARN_INFINITE_RECURSION = YES;
				CLANG_WARN_INT_CONVERSION = YES;
				CLANG_WARN_NON_LITERAL_NULL_CONVERSION = YES;
				CLANG_WARN_OBJC_IMPLICIT_RETAIN_SELF = YES;
				CLANG_WARN_OBJC_LITERAL_CONVERSION = YES;
				CLANG_WARN_OBJC_ROOT_CLASS = YES_ERROR;
				CLANG_WARN_QUOTED_INCLUDE_IN_FRAMEWORK_HEADER = YES;
				CLANG_WARN_RANGE_LOOP_ANALYSIS = YES;
				CLANG_WARN_STRICT_PROTOTYPES = YES;
				CLANG_WARN_SUSPICIOUS_MOVE = YES;
				CLANG_WARN_UNGUARDED_AVAILABILITY = YES_AGGRESSIVE;
				CLANG_WARN_UNREACHABLE_CODE = YES;
				CLANG_WARN__DUPLICATE_METHOD_MATCH = YES;
				COPY_PHASE_STRIP = NO;
				DEBUG_INFORMATION_FORMAT = "dwarf-with-dsym";
				ENABLE_NS_ASSERTIONS = NO;
				ENABLE_STRICT_OBJC_MSGSEND = YES;
				GCC_C_LANGUAGE_STANDARD = gnu11;
				GCC_NO_COMMON_BLOCKS = YES;
				GCC_WARN_64_TO_32_BIT_CONVERSION = YES;
				GCC_WARN_ABOUT_RETURN_TYPE = YES_ERROR;
				GCC_WARN_UNDECLARED_SELECTOR = YES;
				GCC_WARN_UNINITIALIZED_AUTOS = YES_AGGRESSIVE;
				GCC_WARN_UNUSED_FUNCTION = YES;
				GCC_WARN_UNUSED_VARIABLE = YES;
				IPHONEOS_DEPLOYMENT_TARGET = 16.4;
				MTL_ENABLE_DEBUG_INFO = NO;
				MTL_FAST_MATH = YES;
				SDKROOT = iphoneos;
				SWIFT_COMPILATION_MODE = wholemodule;
				SWIFT_OPTIMIZATION_LEVEL = "-O";
				VALIDATE_PRODUCT = YES;
			};
			name = Release;
		};
		0A3635EA2A43405E00EFD6A4 /* Debug */ = {
			isa = XCBuildConfiguration;
			buildSettings = {
				ASSETCATALOG_COMPILER_APPICON_NAME = AppIcon;
				ASSETCATALOG_COMPILER_GLOBAL_ACCENT_COLOR_NAME = AccentColor;
				CODE_SIGN_STYLE = Automatic;
				CURRENT_PROJECT_VERSION = 1;
				DEVELOPMENT_ASSET_PATHS = "\"WeatherSchemes/Preview Content\"";
				DEVELOPMENT_TEAM = 4629AQ24Z2;
				ENABLE_PREVIEWS = YES;
				GENERATE_INFOPLIST_FILE = YES;
				INFOPLIST_KEY_UIApplicationSceneManifest_Generation = YES;
				INFOPLIST_KEY_UIApplicationSupportsIndirectInputEvents = YES;
				INFOPLIST_KEY_UILaunchScreen_Generation = YES;
				INFOPLIST_KEY_UISupportedInterfaceOrientations_iPad = "UIInterfaceOrientationPortrait UIInterfaceOrientationPortraitUpsideDown UIInterfaceOrientationLandscapeLeft UIInterfaceOrientationLandscapeRight";
				INFOPLIST_KEY_UISupportedInterfaceOrientations_iPhone = "UIInterfaceOrientationPortrait UIInterfaceOrientationLandscapeLeft UIInterfaceOrientationLandscapeRight";
				LD_RUNPATH_SEARCH_PATHS = (
					"$(inherited)",
					"@executable_path/Frameworks",
				);
				MARKETING_VERSION = 1.0;
				PRODUCT_BUNDLE_IDENTIFIER = philchan.WeatherSchemes;
				PRODUCT_NAME = "$(TARGET_NAME)";
				SWIFT_EMIT_LOC_STRINGS = YES;
				SWIFT_VERSION = 5.0;
				TARGETED_DEVICE_FAMILY = "1,2";
			};
			name = Debug;
		};
		0A3635EB2A43405E00EFD6A4 /* Release */ = {
			isa = XCBuildConfiguration;
			buildSettings = {
				ASSETCATALOG_COMPILER_APPICON_NAME = AppIcon;
				ASSETCATALOG_COMPILER_GLOBAL_ACCENT_COLOR_NAME = AccentColor;
				CODE_SIGN_STYLE = Automatic;
				CURRENT_PROJECT_VERSION = 1;
				DEVELOPMENT_ASSET_PATHS = "\"WeatherSchemes/Preview Content\"";
				DEVELOPMENT_TEAM = 4629AQ24Z2;
				ENABLE_PREVIEWS = YES;
				GENERATE_INFOPLIST_FILE = YES;
				INFOPLIST_KEY_UIApplicationSceneManifest_Generation = YES;
				INFOPLIST_KEY_UIApplicationSupportsIndirectInputEvents = YES;
				INFOPLIST_KEY_UILaunchScreen_Generation = YES;
				INFOPLIST_KEY_UISupportedInterfaceOrientations_iPad = "UIInterfaceOrientationPortrait UIInterfaceOrientationPortraitUpsideDown UIInterfaceOrientationLandscapeLeft UIInterfaceOrientationLandscapeRight";
				INFOPLIST_KEY_UISupportedInterfaceOrientations_iPhone = "UIInterfaceOrientationPortrait UIInterfaceOrientationLandscapeLeft UIInterfaceOrientationLandscapeRight";
				LD_RUNPATH_SEARCH_PATHS = (
					"$(inherited)",
					"@executable_path/Frameworks",
				);
				MARKETING_VERSION = 1.0;
				PRODUCT_BUNDLE_IDENTIFIER = philchan.WeatherSchemes;
				PRODUCT_NAME = "$(TARGET_NAME)";
				SWIFT_EMIT_LOC_STRINGS = YES;
				SWIFT_VERSION = 5.0;
				TARGETED_DEVICE_FAMILY = "1,2";
			};
			name = Release;
		};
		0A3635ED2A43405E00EFD6A4 /* Debug */ = {
			isa = XCBuildConfiguration;
			buildSettings = {
				ALWAYS_EMBED_SWIFT_STANDARD_LIBRARIES = YES;
				BUNDLE_LOADER = "$(TEST_HOST)";
				CODE_SIGN_STYLE = Automatic;
				CURRENT_PROJECT_VERSION = 1;
				DEVELOPMENT_TEAM = 4629AQ24Z2;
				GENERATE_INFOPLIST_FILE = YES;
				IPHONEOS_DEPLOYMENT_TARGET = 16.4;
				MARKETING_VERSION = 1.0;
				PRODUCT_BUNDLE_IDENTIFIER = philchan.WeatherSchemesTests;
				PRODUCT_NAME = "$(TARGET_NAME)";
				SWIFT_EMIT_LOC_STRINGS = NO;
				SWIFT_VERSION = 5.0;
				TARGETED_DEVICE_FAMILY = "1,2";
				TEST_HOST = "$(BUILT_PRODUCTS_DIR)/WeatherSchemes.app/$(BUNDLE_EXECUTABLE_FOLDER_PATH)/WeatherSchemes";
			};
			name = Debug;
		};
		0A3635EE2A43405E00EFD6A4 /* Release */ = {
			isa = XCBuildConfiguration;
			buildSettings = {
				ALWAYS_EMBED_SWIFT_STANDARD_LIBRARIES = YES;
				BUNDLE_LOADER = "$(TEST_HOST)";
				CODE_SIGN_STYLE = Automatic;
				CURRENT_PROJECT_VERSION = 1;
				DEVELOPMENT_TEAM = 4629AQ24Z2;
				GENERATE_INFOPLIST_FILE = YES;
				IPHONEOS_DEPLOYMENT_TARGET = 16.4;
				MARKETING_VERSION = 1.0;
				PRODUCT_BUNDLE_IDENTIFIER = philchan.WeatherSchemesTests;
				PRODUCT_NAME = "$(TARGET_NAME)";
				SWIFT_EMIT_LOC_STRINGS = NO;
				SWIFT_VERSION = 5.0;
				TARGETED_DEVICE_FAMILY = "1,2";
				TEST_HOST = "$(BUILT_PRODUCTS_DIR)/WeatherSchemes.app/$(BUNDLE_EXECUTABLE_FOLDER_PATH)/WeatherSchemes";
			};
			name = Release;
		};
		0A3635F02A43405E00EFD6A4 /* Debug */ = {
			isa = XCBuildConfiguration;
			buildSettings = {
				ALWAYS_EMBED_SWIFT_STANDARD_LIBRARIES = YES;
				CODE_SIGN_STYLE = Automatic;
				CURRENT_PROJECT_VERSION = 1;
				DEVELOPMENT_TEAM = 4629AQ24Z2;
				GENERATE_INFOPLIST_FILE = YES;
				MARKETING_VERSION = 1.0;
				PRODUCT_BUNDLE_IDENTIFIER = philchan.WeatherSchemesUITests;
				PRODUCT_NAME = "$(TARGET_NAME)";
				SWIFT_EMIT_LOC_STRINGS = NO;
				SWIFT_VERSION = 5.0;
				TARGETED_DEVICE_FAMILY = "1,2";
				TEST_TARGET_NAME = WeatherSchemes;
			};
			name = Debug;
		};
		0A3635F12A43405E00EFD6A4 /* Release */ = {
			isa = XCBuildConfiguration;
			buildSettings = {
				ALWAYS_EMBED_SWIFT_STANDARD_LIBRARIES = YES;
				CODE_SIGN_STYLE = Automatic;
				CURRENT_PROJECT_VERSION = 1;
				DEVELOPMENT_TEAM = 4629AQ24Z2;
				GENERATE_INFOPLIST_FILE = YES;
				MARKETING_VERSION = 1.0;
				PRODUCT_BUNDLE_IDENTIFIER = philchan.WeatherSchemesUITests;
				PRODUCT_NAME = "$(TARGET_NAME)";
				SWIFT_EMIT_LOC_STRINGS = NO;
				SWIFT_VERSION = 5.0;
				TARGETED_DEVICE_FAMILY = "1,2";
				TEST_TARGET_NAME = WeatherSchemes;
			};
			name = Release;
		};
		0A3636182A4341F100EFD6A4 /* Debug */ = {
			isa = XCBuildConfiguration;
			buildSettings = {
				ASSETCATALOG_COMPILER_APPICON_NAME = AppIcon;
				ASSETCATALOG_COMPILER_GLOBAL_ACCENT_COLOR_NAME = AccentColor;
				CODE_SIGN_STYLE = Automatic;
				CURRENT_PROJECT_VERSION = 1;
				DEVELOPMENT_ASSET_PATHS = "\"WeatherSubApp/Preview Content\"";
				DEVELOPMENT_TEAM = 4629AQ24Z2;
				ENABLE_PREVIEWS = YES;
				GENERATE_INFOPLIST_FILE = YES;
				INFOPLIST_KEY_UIApplicationSceneManifest_Generation = YES;
				INFOPLIST_KEY_UIApplicationSupportsIndirectInputEvents = YES;
				INFOPLIST_KEY_UILaunchScreen_Generation = YES;
				INFOPLIST_KEY_UISupportedInterfaceOrientations_iPad = "UIInterfaceOrientationPortrait UIInterfaceOrientationPortraitUpsideDown UIInterfaceOrientationLandscapeLeft UIInterfaceOrientationLandscapeRight";
				INFOPLIST_KEY_UISupportedInterfaceOrientations_iPhone = "UIInterfaceOrientationPortrait UIInterfaceOrientationLandscapeLeft UIInterfaceOrientationLandscapeRight";
				LD_RUNPATH_SEARCH_PATHS = (
					"$(inherited)",
					"@executable_path/Frameworks",
				);
				MARKETING_VERSION = 1.0;
				PRODUCT_BUNDLE_IDENTIFIER = philchan.WeatherSubApp;
				PRODUCT_NAME = "$(TARGET_NAME)";
				SWIFT_EMIT_LOC_STRINGS = YES;
				SWIFT_VERSION = 5.0;
				TARGETED_DEVICE_FAMILY = "1,2";
			};
			name = Debug;
		};
		0A3636192A4341F100EFD6A4 /* Release */ = {
			isa = XCBuildConfiguration;
			buildSettings = {
				ASSETCATALOG_COMPILER_APPICON_NAME = AppIcon;
				ASSETCATALOG_COMPILER_GLOBAL_ACCENT_COLOR_NAME = AccentColor;
				CODE_SIGN_STYLE = Automatic;
				CURRENT_PROJECT_VERSION = 1;
				DEVELOPMENT_ASSET_PATHS = "\"WeatherSubApp/Preview Content\"";
				DEVELOPMENT_TEAM = 4629AQ24Z2;
				ENABLE_PREVIEWS = YES;
				GENERATE_INFOPLIST_FILE = YES;
				INFOPLIST_KEY_UIApplicationSceneManifest_Generation = YES;
				INFOPLIST_KEY_UIApplicationSupportsIndirectInputEvents = YES;
				INFOPLIST_KEY_UILaunchScreen_Generation = YES;
				INFOPLIST_KEY_UISupportedInterfaceOrientations_iPad = "UIInterfaceOrientationPortrait UIInterfaceOrientationPortraitUpsideDown UIInterfaceOrientationLandscapeLeft UIInterfaceOrientationLandscapeRight";
				INFOPLIST_KEY_UISupportedInterfaceOrientations_iPhone = "UIInterfaceOrientationPortrait UIInterfaceOrientationLandscapeLeft UIInterfaceOrientationLandscapeRight";
				LD_RUNPATH_SEARCH_PATHS = (
					"$(inherited)",
					"@executable_path/Frameworks",
				);
				MARKETING_VERSION = 1.0;
				PRODUCT_BUNDLE_IDENTIFIER = philchan.WeatherSubApp;
				PRODUCT_NAME = "$(TARGET_NAME)";
				SWIFT_EMIT_LOC_STRINGS = YES;
				SWIFT_VERSION = 5.0;
				TARGETED_DEVICE_FAMILY = "1,2";
			};
			name = Release;
		};
		0A36361B2A4341F100EFD6A4 /* Debug */ = {
			isa = XCBuildConfiguration;
			buildSettings = {
				ALWAYS_EMBED_SWIFT_STANDARD_LIBRARIES = YES;
				BUNDLE_LOADER = "$(TEST_HOST)";
				CODE_SIGN_STYLE = Automatic;
				CURRENT_PROJECT_VERSION = 1;
				DEVELOPMENT_TEAM = 4629AQ24Z2;
				GENERATE_INFOPLIST_FILE = YES;
				IPHONEOS_DEPLOYMENT_TARGET = 16.4;
				MARKETING_VERSION = 1.0;
				PRODUCT_BUNDLE_IDENTIFIER = philchan.WeatherSubAppTests;
				PRODUCT_NAME = "$(TARGET_NAME)";
				SWIFT_EMIT_LOC_STRINGS = NO;
				SWIFT_VERSION = 5.0;
				TARGETED_DEVICE_FAMILY = "1,2";
				TEST_HOST = "$(BUILT_PRODUCTS_DIR)/WeatherSubApp.app/$(BUNDLE_EXECUTABLE_FOLDER_PATH)/WeatherSubApp";
			};
			name = Debug;
		};
		0A36361C2A4341F100EFD6A4 /* Release */ = {
			isa = XCBuildConfiguration;
			buildSettings = {
				ALWAYS_EMBED_SWIFT_STANDARD_LIBRARIES = YES;
				BUNDLE_LOADER = "$(TEST_HOST)";
				CODE_SIGN_STYLE = Automatic;
				CURRENT_PROJECT_VERSION = 1;
				DEVELOPMENT_TEAM = 4629AQ24Z2;
				GENERATE_INFOPLIST_FILE = YES;
				IPHONEOS_DEPLOYMENT_TARGET = 16.4;
				MARKETING_VERSION = 1.0;
				PRODUCT_BUNDLE_IDENTIFIER = philchan.WeatherSubAppTests;
				PRODUCT_NAME = "$(TARGET_NAME)";
				SWIFT_EMIT_LOC_STRINGS = NO;
				SWIFT_VERSION = 5.0;
				TARGETED_DEVICE_FAMILY = "1,2";
				TEST_HOST = "$(BUILT_PRODUCTS_DIR)/WeatherSubApp.app/$(BUNDLE_EXECUTABLE_FOLDER_PATH)/WeatherSubApp";
			};
			name = Release;
		};
		0A36361E2A4341F100EFD6A4 /* Debug */ = {
			isa = XCBuildConfiguration;
			buildSettings = {
				ALWAYS_EMBED_SWIFT_STANDARD_LIBRARIES = YES;
				CODE_SIGN_STYLE = Automatic;
				CURRENT_PROJECT_VERSION = 1;
				DEVELOPMENT_TEAM = 4629AQ24Z2;
				GENERATE_INFOPLIST_FILE = YES;
				MARKETING_VERSION = 1.0;
				PRODUCT_BUNDLE_IDENTIFIER = philchan.WeatherSubAppUITests;
				PRODUCT_NAME = "$(TARGET_NAME)";
				SWIFT_EMIT_LOC_STRINGS = NO;
				SWIFT_VERSION = 5.0;
				TARGETED_DEVICE_FAMILY = "1,2";
				TEST_TARGET_NAME = WeatherSubApp;
			};
			name = Debug;
		};
		0A36361F2A4341F100EFD6A4 /* Release */ = {
			isa = XCBuildConfiguration;
			buildSettings = {
				ALWAYS_EMBED_SWIFT_STANDARD_LIBRARIES = YES;
				CODE_SIGN_STYLE = Automatic;
				CURRENT_PROJECT_VERSION = 1;
				DEVELOPMENT_TEAM = 4629AQ24Z2;
				GENERATE_INFOPLIST_FILE = YES;
				MARKETING_VERSION = 1.0;
				PRODUCT_BUNDLE_IDENTIFIER = philchan.WeatherSubAppUITests;
				PRODUCT_NAME = "$(TARGET_NAME)";
				SWIFT_EMIT_LOC_STRINGS = NO;
				SWIFT_VERSION = 5.0;
				TARGETED_DEVICE_FAMILY = "1,2";
				TEST_TARGET_NAME = WeatherSubApp;
			};
			name = Release;
		};
/* End XCBuildConfiguration section */

/* Begin XCConfigurationList section */
		0A3635C02A43405D00EFD6A4 /* Build configuration list for PBXProject "WeatherSchemes" */ = {
			isa = XCConfigurationList;
			buildConfigurations = (
				0A3635E72A43405E00EFD6A4 /* Debug */,
				0A3635E82A43405E00EFD6A4 /* Release */,
			);
			defaultConfigurationIsVisible = 0;
			defaultConfigurationName = Release;
		};
		0A3635E92A43405E00EFD6A4 /* Build configuration list for PBXNativeTarget "WeatherSchemes" */ = {
			isa = XCConfigurationList;
			buildConfigurations = (
				0A3635EA2A43405E00EFD6A4 /* Debug */,
				0A3635EB2A43405E00EFD6A4 /* Release */,
			);
			defaultConfigurationIsVisible = 0;
			defaultConfigurationName = Release;
		};
		0A3635EC2A43405E00EFD6A4 /* Build configuration list for PBXNativeTarget "WeatherSchemesTests" */ = {
			isa = XCConfigurationList;
			buildConfigurations = (
				0A3635ED2A43405E00EFD6A4 /* Debug */,
				0A3635EE2A43405E00EFD6A4 /* Release */,
			);
			defaultConfigurationIsVisible = 0;
			defaultConfigurationName = Release;
		};
		0A3635EF2A43405E00EFD6A4 /* Build configuration list for PBXNativeTarget "WeatherSchemesUITests" */ = {
			isa = XCConfigurationList;
			buildConfigurations = (
				0A3635F02A43405E00EFD6A4 /* Debug */,
				0A3635F12A43405E00EFD6A4 /* Release */,
			);
			defaultConfigurationIsVisible = 0;
			defaultConfigurationName = Release;
		};
		0A3636172A4341F100EFD6A4 /* Build configuration list for PBXNativeTarget "WeatherSubApp" */ = {
			isa = XCConfigurationList;
			buildConfigurations = (
				0A3636182A4341F100EFD6A4 /* Debug */,
				0A3636192A4341F100EFD6A4 /* Release */,
			);
			defaultConfigurationIsVisible = 0;
			defaultConfigurationName = Release;
		};
		0A36361A2A4341F100EFD6A4 /* Build configuration list for PBXNativeTarget "WeatherSubAppTests" */ = {
			isa = XCConfigurationList;
			buildConfigurations = (
				0A36361B2A4341F100EFD6A4 /* Debug */,
				0A36361C2A4341F100EFD6A4 /* Release */,
			);
			defaultConfigurationIsVisible = 0;
			defaultConfigurationName = Release;
		};
		0A36361D2A4341F100EFD6A4 /* Build configuration list for PBXNativeTarget "WeatherSubAppUITests" */ = {
			isa = XCConfigurationList;
			buildConfigurations = (
				0A36361E2A4341F100EFD6A4 /* Debug */,
				0A36361F2A4341F100EFD6A4 /* Release */,
			);
			defaultConfigurationIsVisible = 0;
			defaultConfigurationName = Release;
		};
/* End XCConfigurationList section */
	};
	rootObject = 0A3635BD2A43405D00EFD6A4 /* Project object */;
}
